
Microsoft Visual Studio Solution File, Format Version 12.00
# Visual Studio Version 17
VisualStudioVersion = 17.0.31903.59
MinimumVisualStudioVersion = 10.0.40219.1
Project("{FAE04EC0-301F-11D3-BF4B-00C04F79EFBC}") = "PrePassHackathonTeamEApi", "PrePassHackathonTeamEApi\PrePassHackathonTeamEApi.csproj", "{DACD4EAE-19D1-4EE5-AC82-9A7E92B46519}"
EndProject
Global
	GlobalSection(SolutionConfigurationPlatforms) = preSolution
		Debug|Any CPU = Debug|Any CPU
		Release|Any CPU = Release|Any CPU
	EndGlobalSection
	GlobalSection(SolutionProperties) = preSolution
		HideSolutionNode = FALSE
	EndGlobalSection
	GlobalSection(ProjectConfigurationPlatforms) = postSolution
		{DACD4EAE-19D1-4EE5-AC82-9A7E92B46519}.Debug|Any CPU.ActiveCfg = Debug|Any CPU
		{DACD4EAE-19D1-4EE5-AC82-9A7E92B46519}.Debug|Any CPU.Build.0 = Debug|Any CPU
		{DACD4EAE-19D1-4EE5-AC82-9A7E92B46519}.Release|Any CPU.ActiveCfg = Release|Any CPU
		{DACD4EAE-19D1-4EE5-AC82-9A7E92B46519}.Release|Any CPU.Build.0 = Release|Any CPU
	EndGlobalSection
EndGlobal
